// !$*UTF8*$!
{
	archiveVersion = 1;
	classes = {
	};
	objectVersion = 56;
	objects = {

/* Begin PBXBuildFile section */
		E16942F82BC956ED00901FF6 /* AppDelegate.swift in Sources */ = {isa = PBXBuildFile; fileRef = E16942F72BC956ED00901FF6 /* AppDelegate.swift */; };
		E16942FA2BC956ED00901FF6 /* SceneDelegate.swift in Sources */ = {isa = PBXBuildFile; fileRef = E16942F92BC956ED00901FF6 /* SceneDelegate.swift */; };
		E16942FF2BC956ED00901FF6 /* Main.storyboard in Resources */ = {isa = PBXBuildFile; fileRef = E16942FD2BC956ED00901FF6 /* Main.storyboard */; };
		E16943012BC956EF00901FF6 /* Assets.xcassets in Resources */ = {isa = PBXBuildFile; fileRef = E16943002BC956EF00901FF6 /* Assets.xcassets */; };
		E16943042BC956EF00901FF6 /* LaunchScreen.storyboard in Resources */ = {isa = PBXBuildFile; fileRef = E16943022BC956EF00901FF6 /* LaunchScreen.storyboard */; };
		E169430F2BC956F000901FF6 /* TreeTableTests.swift in Sources */ = {isa = PBXBuildFile; fileRef = E169430E2BC956F000901FF6 /* TreeTableTests.swift */; };
		E16943192BC956F000901FF6 /* TreeTableUITests.swift in Sources */ = {isa = PBXBuildFile; fileRef = E16943182BC956F000901FF6 /* TreeTableUITests.swift */; };
		E169431B2BC956F000901FF6 /* TreeTableUITestsLaunchTests.swift in Sources */ = {isa = PBXBuildFile; fileRef = E169431A2BC956F000901FF6 /* TreeTableUITestsLaunchTests.swift */; };
		E169432D2BC95C4700901FF6 /* TreeViewController.swift in Sources */ = {isa = PBXBuildFile; fileRef = E169432C2BC95C4700901FF6 /* TreeViewController.swift */; };
		E169432F2BC95C5E00901FF6 /* TreeViewCell.swift in Sources */ = {isa = PBXBuildFile; fileRef = E169432E2BC95C5E00901FF6 /* TreeViewCell.swift */; };
		E16943312BC95C6E00901FF6 /* TreeNode.swift in Sources */ = {isa = PBXBuildFile; fileRef = E16943302BC95C6E00901FF6 /* TreeNode.swift */; };
		E16943342BC95F4D00901FF6 /* TreeJson.json in Resources */ = {isa = PBXBuildFile; fileRef = E16943332BC95F4D00901FF6 /* TreeJson.json */; };
/* End PBXBuildFile section */

/* Begin PBXContainerItemProxy section */
		E169430B2BC956F000901FF6 /* PBXContainerItemProxy */ = {
			isa = PBXContainerItemProxy;
			containerPortal = E16942EC2BC956ED00901FF6 /* Project object */;
			proxyType = 1;
			remoteGlobalIDString = E16942F32BC956ED00901FF6;
			remoteInfo = TreeTable;
		};
		E16943152BC956F000901FF6 /* PBXContainerItemProxy */ = {
			isa = PBXContainerItemProxy;
			containerPortal = E16942EC2BC956ED00901FF6 /* Project object */;
			proxyType = 1;
			remoteGlobalIDString = E16942F32BC956ED00901FF6;
			remoteInfo = TreeTable;
		};
/* End PBXContainerItemProxy section */

/* Begin PBXFileReference section */
		E16942F42BC956ED00901FF6 /* TreeTable.app */ = {isa = PBXFileReference; explicitFileType = wrapper.application; includeInIndex = 0; path = TreeTable.app; sourceTree = BUILT_PRODUCTS_DIR; };
		E16942F72BC956ED00901FF6 /* AppDelegate.swift */ = {isa = PBXFileReference; lastKnownFileType = sourcecode.swift; path = AppDelegate.swift; sourceTree = "<group>"; };
		E16942F92BC956ED00901FF6 /* SceneDelegate.swift */ = {isa = PBXFileReference; lastKnownFileType = sourcecode.swift; path = SceneDelegate.swift; sourceTree = "<group>"; };
		E16942FE2BC956ED00901FF6 /* Base */ = {isa = PBXFileReference; lastKnownFileType = file.storyboard; name = Base; path = Base.lproj/Main.storyboard; sourceTree = "<group>"; };
		E16943002BC956EF00901FF6 /* Assets.xcassets */ = {isa = PBXFileReference; lastKnownFileType = folder.assetcatalog; path = Assets.xcassets; sourceTree = "<group>"; };
		E16943032BC956EF00901FF6 /* Base */ = {isa = PBXFileReference; lastKnownFileType = file.storyboard; name = Base; path = Base.lproj/LaunchScreen.storyboard; sourceTree = "<group>"; };
		E16943052BC956EF00901FF6 /* Info.plist */ = {isa = PBXFileReference; lastKnownFileType = text.plist.xml; path = Info.plist; sourceTree = "<group>"; };
		E169430A2BC956F000901FF6 /* TreeTableTests.xctest */ = {isa = PBXFileReference; explicitFileType = wrapper.cfbundle; includeInIndex = 0; path = TreeTableTests.xctest; sourceTree = BUILT_PRODUCTS_DIR; };
		E169430E2BC956F000901FF6 /* TreeTableTests.swift */ = {isa = PBXFileReference; lastKnownFileType = sourcecode.swift; path = TreeTableTests.swift; sourceTree = "<group>"; };
		E16943142BC956F000901FF6 /* TreeTableUITests.xctest */ = {isa = PBXFileReference; explicitFileType = wrapper.cfbundle; includeInIndex = 0; path = TreeTableUITests.xctest; sourceTree = BUILT_PRODUCTS_DIR; };
		E16943182BC956F000901FF6 /* TreeTableUITests.swift */ = {isa = PBXFileReference; lastKnownFileType = sourcecode.swift; path = TreeTableUITests.swift; sourceTree = "<group>"; };
		E169431A2BC956F000901FF6 /* TreeTableUITestsLaunchTests.swift */ = {isa = PBXFileReference; lastKnownFileType = sourcecode.swift; path = TreeTableUITestsLaunchTests.swift; sourceTree = "<group>"; };
		E169432C2BC95C4700901FF6 /* TreeViewController.swift */ = {isa = PBXFileReference; lastKnownFileType = sourcecode.swift; path = TreeViewController.swift; sourceTree = "<group>"; };
		E169432E2BC95C5E00901FF6 /* TreeViewCell.swift */ = {isa = PBXFileReference; lastKnownFileType = sourcecode.swift; path = TreeViewCell.swift; sourceTree = "<group>"; };
		E16943302BC95C6E00901FF6 /* TreeNode.swift */ = {isa = PBXFileReference; lastKnownFileType = sourcecode.swift; path = TreeNode.swift; sourceTree = "<group>"; };
		E16943332BC95F4D00901FF6 /* TreeJson.json */ = {isa = PBXFileReference; fileEncoding = 4; lastKnownFileType = text.json; path = TreeJson.json; sourceTree = "<group>"; };
/* End PBXFileReference section */

/* Begin PBXFrameworksBuildPhase section */
		E16942F12BC956ED00901FF6 /* Frameworks */ = {
			isa = PBXFrameworksBuildPhase;
			buildActionMask = 2147483647;
			files = (
			);
			runOnlyForDeploymentPostprocessing = 0;
		};
		E16943072BC956F000901FF6 /* Frameworks */ = {
			isa = PBXFrameworksBuildPhase;
			buildActionMask = 2147483647;
			files = (
			);
			runOnlyForDeploymentPostprocessing = 0;
		};
		E16943112BC956F000901FF6 /* Frameworks */ = {
			isa = PBXFrameworksBuildPhase;
			buildActionMask = 2147483647;
			files = (
			);
			runOnlyForDeploymentPostprocessing = 0;
		};
/* End PBXFrameworksBuildPhase section */

/* Begin PBXGroup section */
		E16942EB2BC956ED00901FF6 = {
			isa = PBXGroup;
			children = (
				E16942F62BC956ED00901FF6 /* TreeTable */,
				E169430D2BC956F000901FF6 /* TreeTableTests */,
				E16943172BC956F000901FF6 /* TreeTableUITests */,
				E16942F52BC956ED00901FF6 /* Products */,
			);
			sourceTree = "<group>";
		};
		E16942F52BC956ED00901FF6 /* Products */ = {
			isa = PBXGroup;
			children = (
				E16942F42BC956ED00901FF6 /* TreeTable.app */,
				E169430A2BC956F000901FF6 /* TreeTableTests.xctest */,
				E16943142BC956F000901FF6 /* TreeTableUITests.xctest */,
			);
			name = Products;
			sourceTree = "<group>";
		};
		E16942F62BC956ED00901FF6 /* TreeTable */ = {
			isa = PBXGroup;
			children = (
				E16943322BC95DFD00901FF6 /* Data */,
				E169432B2BC95C0400901FF6 /* Supporting Files  */,
				E169432A2BC95BF900901FF6 /* Resources */,
				E16943292BC95BF100901FF6 /* Controllers */,
				E16943282BC95BE900901FF6 /* Views */,
				E16943272BC95BDB00901FF6 /* Models */,
				E16943002BC956EF00901FF6 /* Assets.xcassets */,
				E16943022BC956EF00901FF6 /* LaunchScreen.storyboard */,
				E16943052BC956EF00901FF6 /* Info.plist */,
			);
			path = TreeTable;
			sourceTree = "<group>";
		};
		E169430D2BC956F000901FF6 /* TreeTableTests */ = {
			isa = PBXGroup;
			children = (
				E169430E2BC956F000901FF6 /* TreeTableTests.swift */,
			);
			path = TreeTableTests;
			sourceTree = "<group>";
		};
		E16943172BC956F000901FF6 /* TreeTableUITests */ = {
			isa = PBXGroup;
			children = (
				E16943182BC956F000901FF6 /* TreeTableUITests.swift */,
				E169431A2BC956F000901FF6 /* TreeTableUITestsLaunchTests.swift */,
			);
			path = TreeTableUITests;
			sourceTree = "<group>";
		};
		E16943272BC95BDB00901FF6 /* Models */ = {
			isa = PBXGroup;
			children = (
				E16943302BC95C6E00901FF6 /* TreeNode.swift */,
			);
			path = Models;
			sourceTree = "<group>";
		};
		E16943282BC95BE900901FF6 /* Views */ = {
			isa = PBXGroup;
			children = (
				E169432E2BC95C5E00901FF6 /* TreeViewCell.swift */,
			);
			path = Views;
			sourceTree = "<group>";
		};
		E16943292BC95BF100901FF6 /* Controllers */ = {
			isa = PBXGroup;
			children = (
				E169432C2BC95C4700901FF6 /* TreeViewController.swift */,
			);
			path = Controllers;
			sourceTree = "<group>";
		};
		E169432A2BC95BF900901FF6 /* Resources */ = {
			isa = PBXGroup;
			children = (
				E16942FD2BC956ED00901FF6 /* Main.storyboard */,
			);
			path = Resources;
			sourceTree = "<group>";
		};
		E169432B2BC95C0400901FF6 /* Supporting Files  */ = {
			isa = PBXGroup;
			children = (
				E16942F92BC956ED00901FF6 /* SceneDelegate.swift */,
				E16942F72BC956ED00901FF6 /* AppDelegate.swift */,
			);
			path = "Supporting Files ";
			sourceTree = "<group>";
		};
		E16943322BC95DFD00901FF6 /* Data */ = {
			isa = PBXGroup;
			children = (
				E16943332BC95F4D00901FF6 /* TreeJson.json */,
			);
			path = Data;
			sourceTree = "<group>";
		};
/* End PBXGroup section */

/* Begin PBXNativeTarget section */
		E16942F32BC956ED00901FF6 /* TreeTable */ = {
			isa = PBXNativeTarget;
			buildConfigurationList = E169431E2BC956F000901FF6 /* Build configuration list for PBXNativeTarget "TreeTable" */;
			buildPhases = (
				E16942F02BC956ED00901FF6 /* Sources */,
				E16942F12BC956ED00901FF6 /* Frameworks */,
				E16942F22BC956ED00901FF6 /* Resources */,
			);
			buildRules = (
			);
			dependencies = (
			);
			name = TreeTable;
			productName = TreeTable;
			productReference = E16942F42BC956ED00901FF6 /* TreeTable.app */;
			productType = "com.apple.product-type.application";
		};
		E16943092BC956F000901FF6 /* TreeTableTests */ = {
			isa = PBXNativeTarget;
			buildConfigurationList = E16943212BC956F000901FF6 /* Build configuration list for PBXNativeTarget "TreeTableTests" */;
			buildPhases = (
				E16943062BC956F000901FF6 /* Sources */,
				E16943072BC956F000901FF6 /* Frameworks */,
				E16943082BC956F000901FF6 /* Resources */,
			);
			buildRules = (
			);
			dependencies = (
				E169430C2BC956F000901FF6 /* PBXTargetDependency */,
			);
			name = TreeTableTests;
			productName = TreeTableTests;
			productReference = E169430A2BC956F000901FF6 /* TreeTableTests.xctest */;
			productType = "com.apple.product-type.bundle.unit-test";
		};
		E16943132BC956F000901FF6 /* TreeTableUITests */ = {
			isa = PBXNativeTarget;
			buildConfigurationList = E16943242BC956F000901FF6 /* Build configuration list for PBXNativeTarget "TreeTableUITests" */;
			buildPhases = (
				E16943102BC956F000901FF6 /* Sources */,
				E16943112BC956F000901FF6 /* Frameworks */,
				E16943122BC956F000901FF6 /* Resources */,
			);
			buildRules = (
			);
			dependencies = (
				E16943162BC956F000901FF6 /* PBXTargetDependency */,
			);
			name = TreeTableUITests;
			productName = TreeTableUITests;
			productReference = E16943142BC956F000901FF6 /* TreeTableUITests.xctest */;
			productType = "com.apple.product-type.bundle.ui-testing";
		};
/* End PBXNativeTarget section */

/* Begin PBXProject section */
		E16942EC2BC956ED00901FF6 /* Project object */ = {
			isa = PBXProject;
			attributes = {
				BuildIndependentTargetsInParallel = 1;
				LastSwiftUpdateCheck = 1500;
				LastUpgradeCheck = 1500;
				TargetAttributes = {
					E16942F32BC956ED00901FF6 = {
						CreatedOnToolsVersion = 15.0;
					};
					E16943092BC956F000901FF6 = {
						CreatedOnToolsVersion = 15.0;
						TestTargetID = E16942F32BC956ED00901FF6;
					};
					E16943132BC956F000901FF6 = {
						CreatedOnToolsVersion = 15.0;
						TestTargetID = E16942F32BC956ED00901FF6;
					};
				};
			};
			buildConfigurationList = E16942EF2BC956ED00901FF6 /* Build configuration list for PBXProject "TreeTable" */;
			compatibilityVersion = "Xcode 14.0";
			developmentRegion = en;
			hasScannedForEncodings = 0;
			knownRegions = (
				en,
				Base,
			);
			mainGroup = E16942EB2BC956ED00901FF6;
			productRefGroup = E16942F52BC956ED00901FF6 /* Products */;
			projectDirPath = "";
			projectRoot = "";
			targets = (
				E16942F32BC956ED00901FF6 /* TreeTable */,
				E16943092BC956F000901FF6 /* TreeTableTests */,
				E16943132BC956F000901FF6 /* TreeTableUITests */,
			);
		};
/* End PBXProject section */

/* Begin PBXResourcesBuildPhase section */
		E16942F22BC956ED00901FF6 /* Resources */ = {
			isa = PBXResourcesBuildPhase;
			buildActionMask = 2147483647;
			files = (
				E16943042BC956EF00901FF6 /* LaunchScreen.storyboard in Resources */,
				E16943012BC956EF00901FF6 /* Assets.xcassets in Resources */,
				E16942FF2BC956ED00901FF6 /* Main.storyboard in Resources */,
				E16943342BC95F4D00901FF6 /* TreeJson.json in Resources */,
			);
			runOnlyForDeploymentPostprocessing = 0;
		};
		E16943082BC956F000901FF6 /* Resources */ = {
			isa = PBXResourcesBuildPhase;
			buildActionMask = 2147483647;
			files = (
			);
			runOnlyForDeploymentPostprocessing = 0;
		};
		E16943122BC956F000901FF6 /* Resources */ = {
			isa = PBXResourcesBuildPhase;
			buildActionMask = 2147483647;
			files = (
			);
			runOnlyForDeploymentPostprocessing = 0;
		};
/* End PBXResourcesBuildPhase section */

/* Begin PBXSourcesBuildPhase section */
		E16942F02BC956ED00901FF6 /* Sources */ = {
			isa = PBXSourcesBuildPhase;
			buildActionMask = 2147483647;
			files = (
				E169432F2BC95C5E00901FF6 /* TreeViewCell.swift in Sources */,
				E16942F82BC956ED00901FF6 /* AppDelegate.swift in Sources */,
				E169432D2BC95C4700901FF6 /* TreeViewController.swift in Sources */,
				E16942FA2BC956ED00901FF6 /* SceneDelegate.swift in Sources */,
				E16943312BC95C6E00901FF6 /* TreeNode.swift in Sources */,
			);
			runOnlyForDeploymentPostprocessing = 0;
		};
		E16943062BC956F000901FF6 /* Sources */ = {
			isa = PBXSourcesBuildPhase;
			buildActionMask = 2147483647;
			files = (
				E169430F2BC956F000901FF6 /* TreeTableTests.swift in Sources */,
			);
			runOnlyForDeploymentPostprocessing = 0;
		};
		E16943102BC956F000901FF6 /* Sources */ = {
			isa = PBXSourcesBuildPhase;
			buildActionMask = 2147483647;
			files = (
				E16943192BC956F000901FF6 /* TreeTableUITests.swift in Sources */,
				E169431B2BC956F000901FF6 /* TreeTableUITestsLaunchTests.swift in Sources */,
			);
			runOnlyForDeploymentPostprocessing = 0;
		};
/* End PBXSourcesBuildPhase section */

/* Begin PBXTargetDependency section */
		E169430C2BC956F000901FF6 /* PBXTargetDependency */ = {
			isa = PBXTargetDependency;
			target = E16942F32BC956ED00901FF6 /* TreeTable */;
			targetProxy = E169430B2BC956F000901FF6 /* PBXContainerItemProxy */;
		};
		E16943162BC956F000901FF6 /* PBXTargetDependency */ = {
			isa = PBXTargetDependency;
			target = E16942F32BC956ED00901FF6 /* TreeTable */;
			targetProxy = E16943152BC956F000901FF6 /* PBXContainerItemProxy */;
		};
/* End PBXTargetDependency section */

/* Begin PBXVariantGroup section */
		E16942FD2BC956ED00901FF6 /* Main.storyboard */ = {
			isa = PBXVariantGroup;
			children = (
				E16942FE2BC956ED00901FF6 /* Base */,
			);
			name = Main.storyboard;
			sourceTree = "<group>";
		};
		E16943022BC956EF00901FF6 /* LaunchScreen.storyboard */ = {
			isa = PBXVariantGroup;
			children = (
				E16943032BC956EF00901FF6 /* Base */,
			);
			name = LaunchScreen.storyboard;
			sourceTree = "<group>";
		};
/* End PBXVariantGroup section */

/* Begin XCBuildConfiguration section */
		E169431C2BC956F000901FF6 /* Debug */ = {
			isa = XCBuildConfiguration;
			buildSettings = {
				ALWAYS_SEARCH_USER_PATHS = NO;
				ASSETCATALOG_COMPILER_GENERATE_SWIFT_ASSET_SYMBOL_EXTENSIONS = YES;
				CLANG_ANALYZER_NONNULL = YES;
				CLANG_ANALYZER_NUMBER_OBJECT_CONVERSION = YES_AGGRESSIVE;
				CLANG_CXX_LANGUAGE_STANDARD = "gnu++20";
				CLANG_ENABLE_MODULES = YES;
				CLANG_ENABLE_OBJC_ARC = YES;
				CLANG_ENABLE_OBJC_WEAK = YES;
				CLANG_WARN_BLOCK_CAPTURE_AUTORELEASING = YES;
				CLANG_WARN_BOOL_CONVERSION = YES;
				CLANG_WARN_COMMA = YES;
				CLANG_WARN_CONSTANT_CONVERSION = YES;
				CLANG_WARN_DEPRECATED_OBJC_IMPLEMENTATIONS = YES;
				CLANG_WARN_DIRECT_OBJC_ISA_USAGE = YES_ERROR;
				CLANG_WARN_DOCUMENTATION_COMMENTS = YES;
				CLANG_WARN_EMPTY_BODY = YES;
				CLANG_WARN_ENUM_CONVERSION = YES;
				CLANG_WARN_INFINITE_RECURSION = YES;
				CLANG_WARN_INT_CONVERSION = YES;
				CLANG_WARN_NON_LITERAL_NULL_CONVERSION = YES;
				CLANG_WARN_OBJC_IMPLICIT_RETAIN_SELF = YES;
				CLANG_WARN_OBJC_LITERAL_CONVERSION = YES;
				CLANG_WARN_OBJC_ROOT_CLASS = YES_ERROR;
				CLANG_WARN_QUOTED_INCLUDE_IN_FRAMEWORK_HEADER = YES;
				CLANG_WARN_RANGE_LOOP_ANALYSIS = YES;
				CLANG_WARN_STRICT_PROTOTYPES = YES;
				CLANG_WARN_SUSPICIOUS_MOVE = YES;
				CLANG_WARN_UNGUARDED_AVAILABILITY = YES_AGGRESSIVE;
				CLANG_WARN_UNREACHABLE_CODE = YES;
				CLANG_WARN__DUPLICATE_METHOD_MATCH = YES;
				COPY_PHASE_STRIP = NO;
				DEBUG_INFORMATION_FORMAT = dwarf;
				ENABLE_STRICT_OBJC_MSGSEND = YES;
				ENABLE_TESTABILITY = YES;
				ENABLE_USER_SCRIPT_SANDBOXING = YES;
				GCC_C_LANGUAGE_STANDARD = gnu17;
				GCC_DYNAMIC_NO_PIC = NO;
				GCC_NO_COMMON_BLOCKS = YES;
				GCC_OPTIMIZATION_LEVEL = 0;
				GCC_PREPROCESSOR_DEFINITIONS = (
					"DEBUG=1",
					"$(inherited)",
				);
				GCC_WARN_64_TO_32_BIT_CONVERSION = YES;
				GCC_WARN_ABOUT_RETURN_TYPE = YES_ERROR;
				GCC_WARN_UNDECLARED_SELECTOR = YES;
				GCC_WARN_UNINITIALIZED_AUTOS = YES_AGGRESSIVE;
				GCC_WARN_UNUSED_FUNCTION = YES;
				GCC_WARN_UNUSED_VARIABLE = YES;
				IPHONEOS_DEPLOYMENT_TARGET = 17.0;
				LOCALIZATION_PREFERS_STRING_CATALOGS = YES;
				MTL_ENABLE_DEBUG_INFO = INCLUDE_SOURCE;
				MTL_FAST_MATH = YES;
				ONLY_ACTIVE_ARCH = YES;
				SDKROOT = iphoneos;
				SWIFT_ACTIVE_COMPILATION_CONDITIONS = "DEBUG $(inherited)";
				SWIFT_OPTIMIZATION_LEVEL = "-Onone";
			};
			name = Debug;
		};
		E169431D2BC956F000901FF6 /* Release */ = {
			isa = XCBuildConfiguration;
			buildSettings = {
				ALWAYS_SEARCH_USER_PATHS = NO;
				ASSETCATALOG_COMPILER_GENERATE_SWIFT_ASSET_SYMBOL_EXTENSIONS = YES;
				CLANG_ANALYZER_NONNULL = YES;
				CLANG_ANALYZER_NUMBER_OBJECT_CONVERSION = YES_AGGRESSIVE;
				CLANG_CXX_LANGUAGE_STANDARD = "gnu++20";
				CLANG_ENABLE_MODULES = YES;
				CLANG_ENABLE_OBJC_ARC = YES;
				CLANG_ENABLE_OBJC_WEAK = YES;
				CLANG_WARN_BLOCK_CAPTURE_AUTORELEASING = YES;
				CLANG_WARN_BOOL_CONVERSION = YES;
				CLANG_WARN_COMMA = YES;
				CLANG_WARN_CONSTANT_CONVERSION = YES;
				CLANG_WARN_DEPRECATED_OBJC_IMPLEMENTATIONS = YES;
				CLANG_WARN_DIRECT_OBJC_ISA_USAGE = YES_ERROR;
				CLANG_WARN_DOCUMENTATION_COMMENTS = YES;
				CLANG_WARN_EMPTY_BODY = YES;
				CLANG_WARN_ENUM_CONVERSION = YES;
				CLANG_WARN_INFINITE_RECURSION = YES;
				CLANG_WARN_INT_CONVERSION = YES;
				CLANG_WARN_NON_LITERAL_NULL_CONVERSION = YES;
				CLANG_WARN_OBJC_IMPLICIT_RETAIN_SELF = YES;
				CLANG_WARN_OBJC_LITERAL_CONVERSION = YES;
				CLANG_WARN_OBJC_ROOT_CLASS = YES_ERROR;
				CLANG_WARN_QUOTED_INCLUDE_IN_FRAMEWORK_HEADER = YES;
				CLANG_WARN_RANGE_LOOP_ANALYSIS = YES;
				CLANG_WARN_STRICT_PROTOTYPES = YES;
				CLANG_WARN_SUSPICIOUS_MOVE = YES;
				CLANG_WARN_UNGUARDED_AVAILABILITY = YES_AGGRESSIVE;
				CLANG_WARN_UNREACHABLE_CODE = YES;
				CLANG_WARN__DUPLICATE_METHOD_MATCH = YES;
				COPY_PHASE_STRIP = NO;
				DEBUG_INFORMATION_FORMAT = "dwarf-with-dsym";
				ENABLE_NS_ASSERTIONS = NO;
				ENABLE_STRICT_OBJC_MSGSEND = YES;
				ENABLE_USER_SCRIPT_SANDBOXING = YES;
				GCC_C_LANGUAGE_STANDARD = gnu17;
				GCC_NO_COMMON_BLOCKS = YES;
				GCC_WARN_64_TO_32_BIT_CONVERSION = YES;
				GCC_WARN_ABOUT_RETURN_TYPE = YES_ERROR;
				GCC_WARN_UNDECLARED_SELECTOR = YES;
				GCC_WARN_UNINITIALIZED_AUTOS = YES_AGGRESSIVE;
				GCC_WARN_UNUSED_FUNCTION = YES;
				GCC_WARN_UNUSED_VARIABLE = YES;
				IPHONEOS_DEPLOYMENT_TARGET = 17.0;
				LOCALIZATION_PREFERS_STRING_CATALOGS = YES;
				MTL_ENABLE_DEBUG_INFO = NO;
				MTL_FAST_MATH = YES;
				SDKROOT = iphoneos;
				SWIFT_COMPILATION_MODE = wholemodule;
				VALIDATE_PRODUCT = YES;
			};
			name = Release;
		};
		E169431F2BC956F000901FF6 /* Debug */ = {
			isa = XCBuildConfiguration;
			buildSettings = {
				ASSETCATALOG_COMPILER_APPICON_NAME = AppIcon;
				ASSETCATALOG_COMPILER_GLOBAL_ACCENT_COLOR_NAME = AccentColor;
				CODE_SIGN_STYLE = Automatic;
				CURRENT_PROJECT_VERSION = 1;
				GENERATE_INFOPLIST_FILE = YES;
				INFOPLIST_FILE = TreeTable/Info.plist;
				INFOPLIST_KEY_UIApplicationSupportsIndirectInputEvents = YES;
				INFOPLIST_KEY_UILaunchStoryboardName = LaunchScreen;
				INFOPLIST_KEY_UIMainStoryboardFile = Main;
				INFOPLIST_KEY_UISupportedInterfaceOrientations_iPad = "UIInterfaceOrientationPortrait UIInterfaceOrientationPortraitUpsideDown UIInterfaceOrientationLandscapeLeft UIInterfaceOrientationLandscapeRight";
				INFOPLIST_KEY_UISupportedInterfaceOrientations_iPhone = "UIInterfaceOrientationPortrait UIInterfaceOrientationLandscapeLeft UIInterfaceOrientationLandscapeRight";
				LD_RUNPATH_SEARCH_PATHS = (
					"$(inherited)",
					"@executable_path/Frameworks",
				);
				MARKETING_VERSION = 1.0;
				PRODUCT_BUNDLE_IDENTIFIER = com.nag.baba.TreeTable;
				PRODUCT_NAME = "$(TARGET_NAME)";
				SWIFT_EMIT_LOC_STRINGS = YES;
				SWIFT_VERSION = 5.0;
				TARGETED_DEVICE_FAMILY = "1,2";
			};
			name = Debug;
		};
		E16943202BC956F000901FF6 /* Release */ = {
			isa = XCBuildConfiguration;
			buildSettings = {
				ASSETCATALOG_COMPILER_APPICON_NAME = AppIcon;
				ASSETCATALOG_COMPILER_GLOBAL_ACCENT_COLOR_NAME = AccentColor;
				CODE_SIGN_STYLE = Automatic;
				CURRENT_PROJECT_VERSION = 1;
				GENERATE_INFOPLIST_FILE = YES;
				INFOPLIST_FILE = TreeTable/Info.plist;
				INFOPLIST_KEY_UIApplicationSupportsIndirectInputEvents = YES;
				INFOPLIST_KEY_UILaunchStoryboardName = LaunchScreen;
				INFOPLIST_KEY_UIMainStoryboardFile = Main;
				INFOPLIST_KEY_UISupportedInterfaceOrientations_iPad = "UIInterfaceOrientationPortrait UIInterfaceOrientationPortraitUpsideDown UIInterfaceOrientationLandscapeLeft UIInterfaceOrientationLandscapeRight";
				INFOPLIST_KEY_UISupportedInterfaceOrientations_iPhone = "UIInterfaceOrientationPortrait UIInterfaceOrientationLandscapeLeft UIInterfaceOrientationLandscapeRight";
				LD_RUNPATH_SEARCH_PATHS = (
					"$(inherited)",
					"@executable_path/Frameworks",
				);
				MARKETING_VERSION = 1.0;
				PRODUCT_BUNDLE_IDENTIFIER = com.nag.baba.TreeTable;
				PRODUCT_NAME = "$(TARGET_NAME)";
				SWIFT_EMIT_LOC_STRINGS = YES;
				SWIFT_VERSION = 5.0;
				TARGETED_DEVICE_FAMILY = "1,2";
			};
			name = Release;
		};
		E16943222BC956F000901FF6 /* Debug */ = {
			isa = XCBuildConfiguration;
			buildSettings = {
				ALWAYS_EMBED_SWIFT_STANDARD_LIBRARIES = YES;
				BUNDLE_LOADER = "$(TEST_HOST)";
				CODE_SIGN_STYLE = Automatic;
				CURRENT_PROJECT_VERSION = 1;
				GENERATE_INFOPLIST_FILE = YES;
				IPHONEOS_DEPLOYMENT_TARGET = 17.0;
				MARKETING_VERSION = 1.0;
				PRODUCT_BUNDLE_IDENTIFIER = com.nag.baba.TreeTableTests;
				PRODUCT_NAME = "$(TARGET_NAME)";
				SWIFT_EMIT_LOC_STRINGS = NO;
				SWIFT_VERSION = 5.0;
				TARGETED_DEVICE_FAMILY = "1,2";
				TEST_HOST = "$(BUILT_PRODUCTS_DIR)/TreeTable.app/$(BUNDLE_EXECUTABLE_FOLDER_PATH)/TreeTable";
			};
			name = Debug;
		};
		E16943232BC956F000901FF6 /* Release */ = {
			isa = XCBuildConfiguration;
			buildSettings = {
				ALWAYS_EMBED_SWIFT_STANDARD_LIBRARIES = YES;
				BUNDLE_LOADER = "$(TEST_HOST)";
				CODE_SIGN_STYLE = Automatic;
				CURRENT_PROJECT_VERSION = 1;
				GENERATE_INFOPLIST_FILE = YES;
				IPHONEOS_DEPLOYMENT_TARGET = 17.0;
				MARKETING_VERSION = 1.0;
				PRODUCT_BUNDLE_IDENTIFIER = com.nag.baba.TreeTableTests;
				PRODUCT_NAME = "$(TARGET_NAME)";
				SWIFT_EMIT_LOC_STRINGS = NO;
				SWIFT_VERSION = 5.0;
				TARGETED_DEVICE_FAMILY = "1,2";
				TEST_HOST = "$(BUILT_PRODUCTS_DIR)/TreeTable.app/$(BUNDLE_EXECUTABLE_FOLDER_PATH)/TreeTable";
			};
			name = Release;
		};
		E16943252BC956F000901FF6 /* Debug */ = {
			isa = XCBuildConfiguration;
			buildSettings = {
				ALWAYS_EMBED_SWIFT_STANDARD_LIBRARIES = YES;
				CODE_SIGN_STYLE = Automatic;
				CURRENT_PROJECT_VERSION = 1;
				GENERATE_INFOPLIST_FILE = YES;
				MARKETING_VERSION = 1.0;
				PRODUCT_BUNDLE_IDENTIFIER = com.nag.baba.TreeTableUITests;
				PRODUCT_NAME = "$(TARGET_NAME)";
				SWIFT_EMIT_LOC_STRINGS = NO;
				SWIFT_VERSION = 5.0;
				TARGETED_DEVICE_FAMILY = "1,2";
				TEST_TARGET_NAME = TreeTable;
			};
			name = Debug;
		};
		E16943262BC956F000901FF6 /* Release */ = {
			isa = XCBuildConfiguration;
			buildSettings = {
				ALWAYS_EMBED_SWIFT_STANDARD_LIBRARIES = YES;
				CODE_SIGN_STYLE = Automatic;
				CURRENT_PROJECT_VERSION = 1;
				GENERATE_INFOPLIST_FILE = YES;
				MARKETING_VERSION = 1.0;
				PRODUCT_BUNDLE_IDENTIFIER = com.nag.baba.TreeTableUITests;
				PRODUCT_NAME = "$(TARGET_NAME)";
				SWIFT_EMIT_LOC_STRINGS = NO;
				SWIFT_VERSION = 5.0;
				TARGETED_DEVICE_FAMILY = "1,2";
				TEST_TARGET_NAME = TreeTable;
			};
			name = Release;
		};
/* End XCBuildConfiguration section */

/* Begin XCConfigurationList section */
		E16942EF2BC956ED00901FF6 /* Build configuration list for PBXProject "TreeTable" */ = {
			isa = XCConfigurationList;
			buildConfigurations = (
				E169431C2BC956F000901FF6 /* Debug */,
				E169431D2BC956F000901FF6 /* Release */,
			);
			defaultConfigurationIsVisible = 0;
			defaultConfigurationName = Release;
		};
		E169431E2BC956F000901FF6 /* Build configuration list for PBXNativeTarget "TreeTable" */ = {
			isa = XCConfigurationList;
			buildConfigurations = (
				E169431F2BC956F000901FF6 /* Debug */,
				E16943202BC956F000901FF6 /* Release */,
			);
			defaultConfigurationIsVisible = 0;
			defaultConfigurationName = Release;
		};
		E16943212BC956F000901FF6 /* Build configuration list for PBXNativeTarget "TreeTableTests" */ = {
			isa = XCConfigurationList;
			buildConfigurations = (
				E16943222BC956F000901FF6 /* Debug */,
				E16943232BC956F000901FF6 /* Release */,
			);
			defaultConfigurationIsVisible = 0;
			defaultConfigurationName = Release;
		};
		E16943242BC956F000901FF6 /* Build configuration list for PBXNativeTarget "TreeTableUITests" */ = {
			isa = XCConfigurationList;
			buildConfigurations = (
				E16943252BC956F000901FF6 /* Debug */,
				E16943262BC956F000901FF6 /* Release */,
			);
			defaultConfigurationIsVisible = 0;
			defaultConfigurationName = Release;
		};
/* End XCConfigurationList section */
	};
	rootObject = E16942EC2BC956ED00901FF6 /* Project object */;
}
